
Microsoft Visual Studio Solution File, Format Version 12.00
# Visual Studio 2013
VisualStudioVersion = 12.0.31101.0
MinimumVisualStudioVersion = 10.0.40219.1
Project("{FAE04EC0-301F-11D3-BF4B-00C04F79EFBC}") = "Fibonaci", "Fibonaci\Fibonaci.csproj", "{2EAF0894-9743-4ED4-B913-197EEC80A1E2}"
EndProject
Project("{FAE04EC0-301F-11D3-BF4B-00C04F79EFBC}") = "OnlineStore", "OnlineStore\OnlineStore.csproj", "{7509F23D-8391-469E-BADB-A5F5D9861036}"
EndProject
Project("{FAE04EC0-301F-11D3-BF4B-00C04F79EFBC}") = "Stools", "Stools\Stools.csproj", "{83144B26-1D67-4EB1-AFC2-0601D755AF66}"
EndProject
Global
	GlobalSection(SolutionConfigurationPlatforms) = preSolution
		Debug|Any CPU = Debug|Any CPU
		Release|Any CPU = Release|Any CPU
	EndGlobalSection
	GlobalSection(ProjectConfigurationPlatforms) = postSolution
		{2EAF0894-9743-4ED4-B913-197EEC80A1E2}.Debug|Any CPU.ActiveCfg = Debug|Any CPU
		{2EAF0894-9743-4ED4-B913-197EEC80A1E2}.Debug|Any CPU.Build.0 = Debug|Any CPU
		{2EAF0894-9743-4ED4-B913-197EEC80A1E2}.Release|Any CPU.ActiveCfg = Release|Any CPU
		{2EAF0894-9743-4ED4-B913-197EEC80A1E2}.Release|Any CPU.Build.0 = Release|Any CPU
		{7509F23D-8391-469E-BADB-A5F5D9861036}.Debug|Any CPU.ActiveCfg = Debug|Any CPU
		{7509F23D-8391-469E-BADB-A5F5D9861036}.Debug|Any CPU.Build.0 = Debug|Any CPU
		{7509F23D-8391-469E-BADB-A5F5D9861036}.Release|Any CPU.ActiveCfg = Release|Any CPU
		{7509F23D-8391-469E-BADB-A5F5D9861036}.Release|Any CPU.Build.0 = Release|Any CPU
		{83144B26-1D67-4EB1-AFC2-0601D755AF66}.Debug|Any CPU.ActiveCfg = Debug|Any CPU
		{83144B26-1D67-4EB1-AFC2-0601D755AF66}.Debug|Any CPU.Build.0 = Debug|Any CPU
		{83144B26-1D67-4EB1-AFC2-0601D755AF66}.Release|Any CPU.ActiveCfg = Release|Any CPU
		{83144B26-1D67-4EB1-AFC2-0601D755AF66}.Release|Any CPU.Build.0 = Release|Any CPU
	EndGlobalSection
	GlobalSection(SolutionProperties) = preSolution
		HideSolutionNode = FALSE
	EndGlobalSection
EndGlobal
