
Microsoft Visual Studio Solution File, Format Version 12.00
# Visual Studio 2013
VisualStudioVersion = 12.0.31101.0
MinimumVisualStudioVersion = 10.0.40219.1
Project("{FAE04EC0-301F-11D3-BF4B-00C04F79EFBC}") = "SortingAlgorithms", "SortingAlgorithms\SortingAlgorithms.csproj", "{8AFB8A7E-8A59-4FA6-A027-EE43603BA822}"
EndProject
Project("{2150E333-8FDC-42A3-9474-1A3956D46DE8}") = "Solution Items", "Solution Items", "{DB06E95F-502A-467D-8244-F23BD86A839E}"
	ProjectSection(SolutionItems) = preProject
		README.md = README.md
	EndProjectSection
EndProject
Project("{FAE04EC0-301F-11D3-BF4B-00C04F79EFBC}") = "SortingAlgorithmsTests", "SortingAlgorithmsTests\SortingAlgorithmsTests.csproj", "{89D0A84E-EEF0-4642-B4FD-EEBED2A4EC3A}"
EndProject
Project("{FAE04EC0-301F-11D3-BF4B-00C04F79EFBC}") = "SearchingAlgorithmsTests", "SearchingAlgorithmsTests\SearchingAlgorithmsTests.csproj", "{4A71F614-18DE-4A60-9A18-4DA7362412D8}"
EndProject
Global
	GlobalSection(SolutionConfigurationPlatforms) = preSolution
		Debug|Any CPU = Debug|Any CPU
		Release|Any CPU = Release|Any CPU
	EndGlobalSection
	GlobalSection(ProjectConfigurationPlatforms) = postSolution
		{8AFB8A7E-8A59-4FA6-A027-EE43603BA822}.Debug|Any CPU.ActiveCfg = Debug|Any CPU
		{8AFB8A7E-8A59-4FA6-A027-EE43603BA822}.Debug|Any CPU.Build.0 = Debug|Any CPU
		{8AFB8A7E-8A59-4FA6-A027-EE43603BA822}.Release|Any CPU.ActiveCfg = Release|Any CPU
		{8AFB8A7E-8A59-4FA6-A027-EE43603BA822}.Release|Any CPU.Build.0 = Release|Any CPU
		{89D0A84E-EEF0-4642-B4FD-EEBED2A4EC3A}.Debug|Any CPU.ActiveCfg = Debug|Any CPU
		{89D0A84E-EEF0-4642-B4FD-EEBED2A4EC3A}.Debug|Any CPU.Build.0 = Debug|Any CPU
		{89D0A84E-EEF0-4642-B4FD-EEBED2A4EC3A}.Release|Any CPU.ActiveCfg = Release|Any CPU
		{89D0A84E-EEF0-4642-B4FD-EEBED2A4EC3A}.Release|Any CPU.Build.0 = Release|Any CPU
		{4A71F614-18DE-4A60-9A18-4DA7362412D8}.Debug|Any CPU.ActiveCfg = Debug|Any CPU
		{4A71F614-18DE-4A60-9A18-4DA7362412D8}.Debug|Any CPU.Build.0 = Debug|Any CPU
		{4A71F614-18DE-4A60-9A18-4DA7362412D8}.Release|Any CPU.ActiveCfg = Release|Any CPU
		{4A71F614-18DE-4A60-9A18-4DA7362412D8}.Release|Any CPU.Build.0 = Release|Any CPU
	EndGlobalSection
	GlobalSection(SolutionProperties) = preSolution
		HideSolutionNode = FALSE
	EndGlobalSection
EndGlobal
