
Microsoft Visual Studio Solution File, Format Version 12.00
# Visual Studio 2013
VisualStudioVersion = 12.0.21005.1
MinimumVisualStudioVersion = 10.0.40219.1
Project("{FAE04EC0-301F-11D3-BF4B-00C04F79EFBC}") = "MongoDB", "MongoDB\MongoDB.csproj", "{C05F09C6-3D68-48A2-A4C7-C2530CD54C32}"
EndProject
Project("{FAE04EC0-301F-11D3-BF4B-00C04F79EFBC}") = "MongoHW", "MongoHW\MongoHW.csproj", "{D977E10F-69DF-49FD-9DAF-58347DDC2E6D}"
EndProject
Project("{FAE04EC0-301F-11D3-BF4B-00C04F79EFBC}") = "03.WpfAplication", "03.WpfAplication\03.WpfAplication.csproj", "{04C5BB9C-6B5C-443D-92C5-A72F00EB7C9D}"
EndProject
Global
	GlobalSection(SolutionConfigurationPlatforms) = preSolution
		Debug|Any CPU = Debug|Any CPU
		Release|Any CPU = Release|Any CPU
	EndGlobalSection
	GlobalSection(ProjectConfigurationPlatforms) = postSolution
		{C05F09C6-3D68-48A2-A4C7-C2530CD54C32}.Debug|Any CPU.ActiveCfg = Debug|Any CPU
		{C05F09C6-3D68-48A2-A4C7-C2530CD54C32}.Debug|Any CPU.Build.0 = Debug|Any CPU
		{C05F09C6-3D68-48A2-A4C7-C2530CD54C32}.Release|Any CPU.ActiveCfg = Release|Any CPU
		{C05F09C6-3D68-48A2-A4C7-C2530CD54C32}.Release|Any CPU.Build.0 = Release|Any CPU
		{D977E10F-69DF-49FD-9DAF-58347DDC2E6D}.Debug|Any CPU.ActiveCfg = Debug|Any CPU
		{D977E10F-69DF-49FD-9DAF-58347DDC2E6D}.Debug|Any CPU.Build.0 = Debug|Any CPU
		{D977E10F-69DF-49FD-9DAF-58347DDC2E6D}.Release|Any CPU.ActiveCfg = Release|Any CPU
		{D977E10F-69DF-49FD-9DAF-58347DDC2E6D}.Release|Any CPU.Build.0 = Release|Any CPU
		{04C5BB9C-6B5C-443D-92C5-A72F00EB7C9D}.Debug|Any CPU.ActiveCfg = Debug|Any CPU
		{04C5BB9C-6B5C-443D-92C5-A72F00EB7C9D}.Debug|Any CPU.Build.0 = Debug|Any CPU
		{04C5BB9C-6B5C-443D-92C5-A72F00EB7C9D}.Release|Any CPU.ActiveCfg = Release|Any CPU
		{04C5BB9C-6B5C-443D-92C5-A72F00EB7C9D}.Release|Any CPU.Build.0 = Release|Any CPU
	EndGlobalSection
	GlobalSection(SolutionProperties) = preSolution
		HideSolutionNode = FALSE
	EndGlobalSection
EndGlobal
