
Microsoft Visual Studio Solution File, Format Version 12.00
# Visual Studio 2013
VisualStudioVersion = 12.0.31101.0
MinimumVisualStudioVersion = 10.0.40219.1
Project("{FAE04EC0-301F-11D3-BF4B-00C04F79EFBC}") = "Task5", "Task5\Task5.csproj", "{9D3AC5A5-9A0E-4B86-9532-E953C110B917}"
EndProject
Project("{FAE04EC0-301F-11D3-BF4B-00C04F79EFBC}") = "Task1", "Task1\Task1.csproj", "{0733EF11-0DD4-4E84-8081-6B5CF2659215}"
EndProject
Project("{FAE04EC0-301F-11D3-BF4B-00C04F79EFBC}") = "Task6", "Task6\Task6.csproj", "{19A4AD36-48D8-4EF3-9AE7-71751CDA4A11}"
EndProject
Global
	GlobalSection(SolutionConfigurationPlatforms) = preSolution
		Debug|Any CPU = Debug|Any CPU
		Release|Any CPU = Release|Any CPU
	EndGlobalSection
	GlobalSection(ProjectConfigurationPlatforms) = postSolution
		{9D3AC5A5-9A0E-4B86-9532-E953C110B917}.Debug|Any CPU.ActiveCfg = Debug|Any CPU
		{9D3AC5A5-9A0E-4B86-9532-E953C110B917}.Debug|Any CPU.Build.0 = Debug|Any CPU
		{9D3AC5A5-9A0E-4B86-9532-E953C110B917}.Release|Any CPU.ActiveCfg = Release|Any CPU
		{9D3AC5A5-9A0E-4B86-9532-E953C110B917}.Release|Any CPU.Build.0 = Release|Any CPU
		{0733EF11-0DD4-4E84-8081-6B5CF2659215}.Debug|Any CPU.ActiveCfg = Debug|Any CPU
		{0733EF11-0DD4-4E84-8081-6B5CF2659215}.Debug|Any CPU.Build.0 = Debug|Any CPU
		{0733EF11-0DD4-4E84-8081-6B5CF2659215}.Release|Any CPU.ActiveCfg = Release|Any CPU
		{0733EF11-0DD4-4E84-8081-6B5CF2659215}.Release|Any CPU.Build.0 = Release|Any CPU
		{19A4AD36-48D8-4EF3-9AE7-71751CDA4A11}.Debug|Any CPU.ActiveCfg = Debug|Any CPU
		{19A4AD36-48D8-4EF3-9AE7-71751CDA4A11}.Debug|Any CPU.Build.0 = Debug|Any CPU
		{19A4AD36-48D8-4EF3-9AE7-71751CDA4A11}.Release|Any CPU.ActiveCfg = Release|Any CPU
		{19A4AD36-48D8-4EF3-9AE7-71751CDA4A11}.Release|Any CPU.Build.0 = Release|Any CPU
	EndGlobalSection
	GlobalSection(SolutionProperties) = preSolution
		HideSolutionNode = FALSE
	EndGlobalSection
EndGlobal
