
Microsoft Visual Studio Solution File, Format Version 12.00
# Visual Studio 2013
VisualStudioVersion = 12.0.31101.0
MinimumVisualStudioVersion = 10.0.40219.1
Project("{FAE04EC0-301F-11D3-BF4B-00C04F79EFBC}") = "Profiler", "Profiler\Profiler.csproj", "{CEE261D5-E565-4778-9709-3695F8612D1C}"
EndProject
Project("{FAE04EC0-301F-11D3-BF4B-00C04F79EFBC}") = "HW 01-11", "01.CreateStructure\HW 01-11.csproj", "{244BD804-A3CA-411E-B733-AA37FE4EC559}"
EndProject
Global
	GlobalSection(SolutionConfigurationPlatforms) = preSolution
		Debug|Any CPU = Debug|Any CPU
		Release|Any CPU = Release|Any CPU
	EndGlobalSection
	GlobalSection(ProjectConfigurationPlatforms) = postSolution
		{CEE261D5-E565-4778-9709-3695F8612D1C}.Debug|Any CPU.ActiveCfg = Debug|Any CPU
		{CEE261D5-E565-4778-9709-3695F8612D1C}.Debug|Any CPU.Build.0 = Debug|Any CPU
		{CEE261D5-E565-4778-9709-3695F8612D1C}.Release|Any CPU.ActiveCfg = Release|Any CPU
		{CEE261D5-E565-4778-9709-3695F8612D1C}.Release|Any CPU.Build.0 = Release|Any CPU
		{244BD804-A3CA-411E-B733-AA37FE4EC559}.Debug|Any CPU.ActiveCfg = Debug|Any CPU
		{244BD804-A3CA-411E-B733-AA37FE4EC559}.Debug|Any CPU.Build.0 = Debug|Any CPU
		{244BD804-A3CA-411E-B733-AA37FE4EC559}.Release|Any CPU.ActiveCfg = Release|Any CPU
		{244BD804-A3CA-411E-B733-AA37FE4EC559}.Release|Any CPU.Build.0 = Release|Any CPU
	EndGlobalSection
	GlobalSection(SolutionProperties) = preSolution
		HideSolutionNode = FALSE
	EndGlobalSection
EndGlobal
