
Microsoft Visual Studio Solution File, Format Version 12.00
# Visual Studio 2013
VisualStudioVersion = 12.0.31101.0
MinimumVisualStudioVersion = 10.0.40219.1
Project("{FAE04EC0-301F-11D3-BF4B-00C04F79EFBC}") = "SpecificationPattern", "SpecificationPattern\SpecificationPattern.csproj", "{39FED7B9-6A1D-428F-966A-DC7167FB43B2}"
EndProject
Project("{FAE04EC0-301F-11D3-BF4B-00C04F79EFBC}") = "InterpreterPattern", "InterpreterPattern\InterpreterPattern.csproj", "{B3713310-62CE-4E0F-A523-BE6B3098EFAA}"
EndProject
Project("{FAE04EC0-301F-11D3-BF4B-00C04F79EFBC}") = "VisitorPattern", "VisitorPattern\VisitorPattern.csproj", "{5065697E-E242-4E39-B6E2-CF0608133C93}"
EndProject
Project("{FAE04EC0-301F-11D3-BF4B-00C04F79EFBC}") = "StatePattern", "StatePattern\StatePattern.csproj", "{2F4B3BE6-CC86-410F-A04D-7FFE5F2FC9ED}"
EndProject
Global
	GlobalSection(SolutionConfigurationPlatforms) = preSolution
		Debug|Any CPU = Debug|Any CPU
		Release|Any CPU = Release|Any CPU
	EndGlobalSection
	GlobalSection(ProjectConfigurationPlatforms) = postSolution
		{39FED7B9-6A1D-428F-966A-DC7167FB43B2}.Debug|Any CPU.ActiveCfg = Debug|Any CPU
		{39FED7B9-6A1D-428F-966A-DC7167FB43B2}.Debug|Any CPU.Build.0 = Debug|Any CPU
		{39FED7B9-6A1D-428F-966A-DC7167FB43B2}.Release|Any CPU.ActiveCfg = Release|Any CPU
		{39FED7B9-6A1D-428F-966A-DC7167FB43B2}.Release|Any CPU.Build.0 = Release|Any CPU
		{B3713310-62CE-4E0F-A523-BE6B3098EFAA}.Debug|Any CPU.ActiveCfg = Debug|Any CPU
		{B3713310-62CE-4E0F-A523-BE6B3098EFAA}.Debug|Any CPU.Build.0 = Debug|Any CPU
		{B3713310-62CE-4E0F-A523-BE6B3098EFAA}.Release|Any CPU.ActiveCfg = Release|Any CPU
		{B3713310-62CE-4E0F-A523-BE6B3098EFAA}.Release|Any CPU.Build.0 = Release|Any CPU
		{5065697E-E242-4E39-B6E2-CF0608133C93}.Debug|Any CPU.ActiveCfg = Debug|Any CPU
		{5065697E-E242-4E39-B6E2-CF0608133C93}.Debug|Any CPU.Build.0 = Debug|Any CPU
		{5065697E-E242-4E39-B6E2-CF0608133C93}.Release|Any CPU.ActiveCfg = Release|Any CPU
		{5065697E-E242-4E39-B6E2-CF0608133C93}.Release|Any CPU.Build.0 = Release|Any CPU
		{2F4B3BE6-CC86-410F-A04D-7FFE5F2FC9ED}.Debug|Any CPU.ActiveCfg = Debug|Any CPU
		{2F4B3BE6-CC86-410F-A04D-7FFE5F2FC9ED}.Debug|Any CPU.Build.0 = Debug|Any CPU
		{2F4B3BE6-CC86-410F-A04D-7FFE5F2FC9ED}.Release|Any CPU.ActiveCfg = Release|Any CPU
		{2F4B3BE6-CC86-410F-A04D-7FFE5F2FC9ED}.Release|Any CPU.Build.0 = Release|Any CPU
	EndGlobalSection
	GlobalSection(SolutionProperties) = preSolution
		HideSolutionNode = FALSE
	EndGlobalSection
EndGlobal
