
Microsoft Visual Studio Solution File, Format Version 12.00
# Visual Studio 2013
VisualStudioVersion = 12.0.31101.0
MinimumVisualStudioVersion = 10.0.40219.1
Project("{FAE04EC0-301F-11D3-BF4B-00C04F79EFBC}") = "ReflectionValidator", "ReflectionValidator\ReflectionValidator.csproj", "{9DD10054-EBC0-4618-B58E-C11968011987}"
EndProject
Project("{FAE04EC0-301F-11D3-BF4B-00C04F79EFBC}") = "ObjectStateValidator", "ObjectStateValidator\ObjectStateValidator.csproj", "{CAA94F46-4617-4DCF-B796-DE3A3E704671}"
EndProject
Global
	GlobalSection(SolutionConfigurationPlatforms) = preSolution
		Debug|Any CPU = Debug|Any CPU
		Release|Any CPU = Release|Any CPU
	EndGlobalSection
	GlobalSection(ProjectConfigurationPlatforms) = postSolution
		{9DD10054-EBC0-4618-B58E-C11968011987}.Debug|Any CPU.ActiveCfg = Debug|Any CPU
		{9DD10054-EBC0-4618-B58E-C11968011987}.Debug|Any CPU.Build.0 = Debug|Any CPU
		{9DD10054-EBC0-4618-B58E-C11968011987}.Release|Any CPU.ActiveCfg = Release|Any CPU
		{9DD10054-EBC0-4618-B58E-C11968011987}.Release|Any CPU.Build.0 = Release|Any CPU
		{CAA94F46-4617-4DCF-B796-DE3A3E704671}.Debug|Any CPU.ActiveCfg = Debug|Any CPU
		{CAA94F46-4617-4DCF-B796-DE3A3E704671}.Debug|Any CPU.Build.0 = Debug|Any CPU
		{CAA94F46-4617-4DCF-B796-DE3A3E704671}.Release|Any CPU.ActiveCfg = Release|Any CPU
		{CAA94F46-4617-4DCF-B796-DE3A3E704671}.Release|Any CPU.Build.0 = Release|Any CPU
	EndGlobalSection
	GlobalSection(SolutionProperties) = preSolution
		HideSolutionNode = FALSE
	EndGlobalSection
EndGlobal
