
Microsoft Visual Studio Solution File, Format Version 12.00
# Visual Studio 2012
Project("{FAE04EC0-301F-11D3-BF4B-00C04F79EFBC}") = "DevilUnleashed", "DevilUnleashed\DevilUnleashed.csproj", "{31C07291-1584-48F0-8C6C-31E07DD8D14C}"
EndProject
Global
	GlobalSection(SolutionConfigurationPlatforms) = preSolution
		Debug|Any CPU = Debug|Any CPU
		Release|Any CPU = Release|Any CPU
	EndGlobalSection
	GlobalSection(ProjectConfigurationPlatforms) = postSolution
		{31C07291-1584-48F0-8C6C-31E07DD8D14C}.Debug|Any CPU.ActiveCfg = Debug|Any CPU
		{31C07291-1584-48F0-8C6C-31E07DD8D14C}.Debug|Any CPU.Build.0 = Debug|Any CPU
		{31C07291-1584-48F0-8C6C-31E07DD8D14C}.Release|Any CPU.ActiveCfg = Release|Any CPU
		{31C07291-1584-48F0-8C6C-31E07DD8D14C}.Release|Any CPU.Build.0 = Release|Any CPU
	EndGlobalSection
	GlobalSection(SolutionProperties) = preSolution
		HideSolutionNode = FALSE
	EndGlobalSection
EndGlobal
