
Microsoft Visual Studio Solution File, Format Version 12.00
# Visual Studio 2013
VisualStudioVersion = 12.0.21005.1
MinimumVisualStudioVersion = 10.0.40219.1
Project("{FAE04EC0-301F-11D3-BF4B-00C04F79EFBC}") = "RandomGenerator", "RandomGenerator\RandomGenerator.csproj", "{042291B5-BAFE-48AD-BA02-CD4E7B5ED0A6}"
EndProject
Project("{FAE04EC0-301F-11D3-BF4B-00C04F79EFBC}") = "ATMStore", "ATMStore\ATMStore.csproj", "{C3BA1C42-8E8A-40A8-A7C3-29E3402C0B26}"
EndProject
Global
	GlobalSection(SolutionConfigurationPlatforms) = preSolution
		Debug|Any CPU = Debug|Any CPU
		Release|Any CPU = Release|Any CPU
	EndGlobalSection
	GlobalSection(ProjectConfigurationPlatforms) = postSolution
		{042291B5-BAFE-48AD-BA02-CD4E7B5ED0A6}.Debug|Any CPU.ActiveCfg = Debug|Any CPU
		{042291B5-BAFE-48AD-BA02-CD4E7B5ED0A6}.Debug|Any CPU.Build.0 = Debug|Any CPU
		{042291B5-BAFE-48AD-BA02-CD4E7B5ED0A6}.Release|Any CPU.ActiveCfg = Release|Any CPU
		{042291B5-BAFE-48AD-BA02-CD4E7B5ED0A6}.Release|Any CPU.Build.0 = Release|Any CPU
		{C3BA1C42-8E8A-40A8-A7C3-29E3402C0B26}.Debug|Any CPU.ActiveCfg = Debug|Any CPU
		{C3BA1C42-8E8A-40A8-A7C3-29E3402C0B26}.Debug|Any CPU.Build.0 = Debug|Any CPU
		{C3BA1C42-8E8A-40A8-A7C3-29E3402C0B26}.Release|Any CPU.ActiveCfg = Release|Any CPU
		{C3BA1C42-8E8A-40A8-A7C3-29E3402C0B26}.Release|Any CPU.Build.0 = Release|Any CPU
	EndGlobalSection
	GlobalSection(SolutionProperties) = preSolution
		HideSolutionNode = FALSE
	EndGlobalSection
EndGlobal
