
Microsoft Visual Studio Solution File, Format Version 12.00
# Visual Studio 2013
VisualStudioVersion = 12.0.31101.0
MinimumVisualStudioVersion = 10.0.40219.1
Project("{FAE04EC0-301F-11D3-BF4B-00C04F79EFBC}") = "BinaryTrees", "BinaryTrees\BinaryTrees.csproj", "{CBFB590C-0CCA-4556-961E-4E88269FDCC8}"
EndProject
Project("{FAE04EC0-301F-11D3-BF4B-00C04F79EFBC}") = "Precision", "Precision\Precision.csproj", "{E230B18E-3069-4936-87D4-301DB2854E20}"
EndProject
Project("{FAE04EC0-301F-11D3-BF4B-00C04F79EFBC}") = "Songs", "Songs\Songs.csproj", "{15D85893-FE55-41B5-83C3-340BAC7FF160}"
EndProject
Project("{2150E333-8FDC-42A3-9474-1A3956D46DE8}") = "Solution Items", "Solution Items", "{52FE0806-F82F-47D2-9E8F-2E0642A81B74}"
	ProjectSection(SolutionItems) = preProject
		BinaryTrees\README.md = BinaryTrees\README.md
		Precision\README.md = Precision\README.md
		Songs\README.md = Songs\README.md
		BinaryTrees\sg30.png = BinaryTrees\sg30.png
	EndProjectSection
EndProject
Global
	GlobalSection(SolutionConfigurationPlatforms) = preSolution
		Debug|Any CPU = Debug|Any CPU
		Release|Any CPU = Release|Any CPU
	EndGlobalSection
	GlobalSection(ProjectConfigurationPlatforms) = postSolution
		{CBFB590C-0CCA-4556-961E-4E88269FDCC8}.Debug|Any CPU.ActiveCfg = Debug|Any CPU
		{CBFB590C-0CCA-4556-961E-4E88269FDCC8}.Debug|Any CPU.Build.0 = Debug|Any CPU
		{CBFB590C-0CCA-4556-961E-4E88269FDCC8}.Release|Any CPU.ActiveCfg = Release|Any CPU
		{CBFB590C-0CCA-4556-961E-4E88269FDCC8}.Release|Any CPU.Build.0 = Release|Any CPU
		{E230B18E-3069-4936-87D4-301DB2854E20}.Debug|Any CPU.ActiveCfg = Debug|Any CPU
		{E230B18E-3069-4936-87D4-301DB2854E20}.Debug|Any CPU.Build.0 = Debug|Any CPU
		{E230B18E-3069-4936-87D4-301DB2854E20}.Release|Any CPU.ActiveCfg = Release|Any CPU
		{E230B18E-3069-4936-87D4-301DB2854E20}.Release|Any CPU.Build.0 = Release|Any CPU
		{15D85893-FE55-41B5-83C3-340BAC7FF160}.Debug|Any CPU.ActiveCfg = Debug|Any CPU
		{15D85893-FE55-41B5-83C3-340BAC7FF160}.Debug|Any CPU.Build.0 = Debug|Any CPU
		{15D85893-FE55-41B5-83C3-340BAC7FF160}.Release|Any CPU.ActiveCfg = Release|Any CPU
		{15D85893-FE55-41B5-83C3-340BAC7FF160}.Release|Any CPU.Build.0 = Release|Any CPU
	EndGlobalSection
	GlobalSection(SolutionProperties) = preSolution
		HideSolutionNode = FALSE
	EndGlobalSection
EndGlobal
