
Microsoft Visual Studio Solution File, Format Version 12.00
# Visual Studio 2013
VisualStudioVersion = 12.0.21005.1
MinimumVisualStudioVersion = 10.0.40219.1
Project("{FAE04EC0-301F-11D3-BF4B-00C04F79EFBC}") = "01.HW", "01.HW\01.HW.csproj", "{4F06FE0D-86AD-44E3-8D2F-725F779B5FBD}"
EndProject
Project("{FAE04EC0-301F-11D3-BF4B-00C04F79EFBC}") = "02.HW", "02.HW\02.HW.csproj", "{02C13937-3B4D-4AA5-9FC7-F8FE6824EA0A}"
EndProject
Global
	GlobalSection(SolutionConfigurationPlatforms) = preSolution
		Debug|Any CPU = Debug|Any CPU
		Release|Any CPU = Release|Any CPU
	EndGlobalSection
	GlobalSection(ProjectConfigurationPlatforms) = postSolution
		{4F06FE0D-86AD-44E3-8D2F-725F779B5FBD}.Debug|Any CPU.ActiveCfg = Debug|Any CPU
		{4F06FE0D-86AD-44E3-8D2F-725F779B5FBD}.Debug|Any CPU.Build.0 = Debug|Any CPU
		{4F06FE0D-86AD-44E3-8D2F-725F779B5FBD}.Release|Any CPU.ActiveCfg = Release|Any CPU
		{4F06FE0D-86AD-44E3-8D2F-725F779B5FBD}.Release|Any CPU.Build.0 = Release|Any CPU
		{02C13937-3B4D-4AA5-9FC7-F8FE6824EA0A}.Debug|Any CPU.ActiveCfg = Debug|Any CPU
		{02C13937-3B4D-4AA5-9FC7-F8FE6824EA0A}.Debug|Any CPU.Build.0 = Debug|Any CPU
		{02C13937-3B4D-4AA5-9FC7-F8FE6824EA0A}.Release|Any CPU.ActiveCfg = Release|Any CPU
		{02C13937-3B4D-4AA5-9FC7-F8FE6824EA0A}.Release|Any CPU.Build.0 = Release|Any CPU
	EndGlobalSection
	GlobalSection(SolutionProperties) = preSolution
		HideSolutionNode = FALSE
	EndGlobalSection
EndGlobal
