
Microsoft Visual Studio Solution File, Format Version 12.00
# Visual Studio 2013
VisualStudioVersion = 12.0.21005.1
MinimumVisualStudioVersion = 10.0.40219.1
Project("{FAE04EC0-301F-11D3-BF4B-00C04F79EFBC}") = "01.TreeNodes", "01.TreeNodes\01.TreeNodes.csproj", "{9098DCD5-CA21-4459-A2D6-9353626B8DD2}"
EndProject
Project("{FAE04EC0-301F-11D3-BF4B-00C04F79EFBC}") = "02.FindAllFiles", "02.FindAllFiles\02.FindAllFiles.csproj", "{AAEA66E8-94A6-4885-B280-FA5404B00201}"
EndProject
Project("{FAE04EC0-301F-11D3-BF4B-00C04F79EFBC}") = "03.FileSystem", "03.FileSystem\03.FileSystem.csproj", "{0659A4FD-5EE4-492A-BD03-2E6CD5847541}"
EndProject
Global
	GlobalSection(SolutionConfigurationPlatforms) = preSolution
		Debug|Any CPU = Debug|Any CPU
		Release|Any CPU = Release|Any CPU
	EndGlobalSection
	GlobalSection(ProjectConfigurationPlatforms) = postSolution
		{9098DCD5-CA21-4459-A2D6-9353626B8DD2}.Debug|Any CPU.ActiveCfg = Debug|Any CPU
		{9098DCD5-CA21-4459-A2D6-9353626B8DD2}.Debug|Any CPU.Build.0 = Debug|Any CPU
		{9098DCD5-CA21-4459-A2D6-9353626B8DD2}.Release|Any CPU.ActiveCfg = Release|Any CPU
		{9098DCD5-CA21-4459-A2D6-9353626B8DD2}.Release|Any CPU.Build.0 = Release|Any CPU
		{AAEA66E8-94A6-4885-B280-FA5404B00201}.Debug|Any CPU.ActiveCfg = Debug|Any CPU
		{AAEA66E8-94A6-4885-B280-FA5404B00201}.Debug|Any CPU.Build.0 = Debug|Any CPU
		{AAEA66E8-94A6-4885-B280-FA5404B00201}.Release|Any CPU.ActiveCfg = Release|Any CPU
		{AAEA66E8-94A6-4885-B280-FA5404B00201}.Release|Any CPU.Build.0 = Release|Any CPU
		{0659A4FD-5EE4-492A-BD03-2E6CD5847541}.Debug|Any CPU.ActiveCfg = Debug|Any CPU
		{0659A4FD-5EE4-492A-BD03-2E6CD5847541}.Debug|Any CPU.Build.0 = Debug|Any CPU
		{0659A4FD-5EE4-492A-BD03-2E6CD5847541}.Release|Any CPU.ActiveCfg = Release|Any CPU
		{0659A4FD-5EE4-492A-BD03-2E6CD5847541}.Release|Any CPU.Build.0 = Release|Any CPU
	EndGlobalSection
	GlobalSection(SolutionProperties) = preSolution
		HideSolutionNode = FALSE
	EndGlobalSection
EndGlobal
