
Microsoft Visual Studio Solution File, Format Version 12.00
# Visual Studio 2013
VisualStudioVersion = 12.0.21005.1
MinimumVisualStudioVersion = 10.0.40219.1
Project("{FAE04EC0-301F-11D3-BF4B-00C04F79EFBC}") = "StudentSystem.Model", "StudentSystemModel\StudentSystem.Model.csproj", "{DFC99B78-8300-467F-B166-8C2207CDDFC8}"
EndProject
Project("{FAE04EC0-301F-11D3-BF4B-00C04F79EFBC}") = "StudentSystem.Data", "StudentSystem.Data\StudentSystem.Data.csproj", "{6EFDEB7D-B256-46FF-B16B-A58910CCA9D0}"
EndProject
Project("{FAE04EC0-301F-11D3-BF4B-00C04F79EFBC}") = "StudentSystem.ConsoleClient", "StudentSystem.ConsoleClient\StudentSystem.ConsoleClient.csproj", "{6B6F46E0-4CF7-4D78-85D3-78CC3D15B0AF}"
EndProject
Global
	GlobalSection(SolutionConfigurationPlatforms) = preSolution
		Debug|Any CPU = Debug|Any CPU
		Release|Any CPU = Release|Any CPU
	EndGlobalSection
	GlobalSection(ProjectConfigurationPlatforms) = postSolution
		{DFC99B78-8300-467F-B166-8C2207CDDFC8}.Debug|Any CPU.ActiveCfg = Debug|Any CPU
		{DFC99B78-8300-467F-B166-8C2207CDDFC8}.Debug|Any CPU.Build.0 = Debug|Any CPU
		{DFC99B78-8300-467F-B166-8C2207CDDFC8}.Release|Any CPU.ActiveCfg = Release|Any CPU
		{DFC99B78-8300-467F-B166-8C2207CDDFC8}.Release|Any CPU.Build.0 = Release|Any CPU
		{6EFDEB7D-B256-46FF-B16B-A58910CCA9D0}.Debug|Any CPU.ActiveCfg = Debug|Any CPU
		{6EFDEB7D-B256-46FF-B16B-A58910CCA9D0}.Debug|Any CPU.Build.0 = Debug|Any CPU
		{6EFDEB7D-B256-46FF-B16B-A58910CCA9D0}.Release|Any CPU.ActiveCfg = Release|Any CPU
		{6EFDEB7D-B256-46FF-B16B-A58910CCA9D0}.Release|Any CPU.Build.0 = Release|Any CPU
		{6B6F46E0-4CF7-4D78-85D3-78CC3D15B0AF}.Debug|Any CPU.ActiveCfg = Debug|Any CPU
		{6B6F46E0-4CF7-4D78-85D3-78CC3D15B0AF}.Debug|Any CPU.Build.0 = Debug|Any CPU
		{6B6F46E0-4CF7-4D78-85D3-78CC3D15B0AF}.Release|Any CPU.ActiveCfg = Release|Any CPU
		{6B6F46E0-4CF7-4D78-85D3-78CC3D15B0AF}.Release|Any CPU.Build.0 = Release|Any CPU
	EndGlobalSection
	GlobalSection(SolutionProperties) = preSolution
		HideSolutionNode = FALSE
	EndGlobalSection
EndGlobal
